
Microsoft Visual Studio Solution File, Format Version 12.00
# Visual Studio Version 17
VisualStudioVersion = 17.14.36203.30 d17.14
MinimumVisualStudioVersion = 10.0.40219.1
Project("{FAE04EC0-301F-11D3-BF4B-00C04F79EFBC}") = "U4H-13", "U4H-13\U4H-13.csproj", "{07A48364-8BCE-4BA9-BBB8-9814C825F95B}"
EndProject
Global
	GlobalSection(SolutionConfigurationPlatforms) = preSolution
		Debug|Any CPU = Debug|Any CPU
		Release|Any CPU = Release|Any CPU
	EndGlobalSection
	GlobalSection(ProjectConfigurationPlatforms) = postSolution
		{07A48364-8BCE-4BA9-BBB8-9814C825F95B}.Debug|Any CPU.ActiveCfg = Debug|Any CPU
		{07A48364-8BCE-4BA9-BBB8-9814C825F95B}.Debug|Any CPU.Build.0 = Debug|Any CPU
		{07A48364-8BCE-4BA9-BBB8-9814C825F95B}.Release|Any CPU.ActiveCfg = Release|Any CPU
		{07A48364-8BCE-4BA9-BBB8-9814C825F95B}.Release|Any CPU.Build.0 = Release|Any CPU
	EndGlobalSection
	GlobalSection(SolutionProperties) = preSolution
		HideSolutionNode = FALSE
	EndGlobalSection
	GlobalSection(ExtensibilityGlobals) = postSolution
		SolutionGuid = {757B9938-D480-45E3-A451-B0FF3901E36A}
	EndGlobalSection
EndGlobal
